
Microsoft Visual Studio Solution File, Format Version 12.00
# Visual Studio Version 17
VisualStudioVersion = 17.0.31903.59
MinimumVisualStudioVersion = 10.0.40219.1
Project("{FAE04EC0-301F-11D3-BF4B-00C04F79EFBC}") = "IUTLMS_dependencies", "IUTLMS_dependencies.csproj", "{75144F8A-8C38-4060-B7FF-3628D9B5E8A3}"
EndProject
Global
	GlobalSection(SolutionConfigurationPlatforms) = preSolution
		Debug|Any CPU = Debug|Any CPU
		Release|Any CPU = Release|Any CPU
	EndGlobalSection
	GlobalSection(ProjectConfigurationPlatforms) = postSolution
		{75144F8A-8C38-4060-B7FF-3628D9B5E8A3}.Debug|Any CPU.ActiveCfg = Debug|Any CPU
		{75144F8A-8C38-4060-B7FF-3628D9B5E8A3}.Debug|Any CPU.Build.0 = Debug|Any CPU
		{75144F8A-8C38-4060-B7FF-3628D9B5E8A3}.Release|Any CPU.ActiveCfg = Release|Any CPU
		{75144F8A-8C38-4060-B7FF-3628D9B5E8A3}.Release|Any CPU.Build.0 = Release|Any CPU
	EndGlobalSection
	GlobalSection(SolutionProperties) = preSolution
		HideSolutionNode = FALSE
	EndGlobalSection
	GlobalSection(ExtensibilityGlobals) = postSolution
		SolutionGuid = {DB232EEB-581D-4BD7-A935-7A326A492CA3}
	EndGlobalSection
EndGlobal
