
Microsoft Visual Studio Solution File, Format Version 12.00
# Visual Studio Version 17
VisualStudioVersion = 17.0.31903.59
MinimumVisualStudioVersion = 10.0.40219.1
Project("{FAE04EC0-301F-11D3-BF4B-00C04F79EFBC}") = "IUTRPSDEPENDENCIES", "IUTRPSDEPENDENCIES.csproj", "{DE17AC30-3F19-4605-9C28-90A7ADDD4744}"
EndProject
Global
	GlobalSection(SolutionConfigurationPlatforms) = preSolution
		Debug|Any CPU = Debug|Any CPU
		Release|Any CPU = Release|Any CPU
	EndGlobalSection
	GlobalSection(ProjectConfigurationPlatforms) = postSolution
		{DE17AC30-3F19-4605-9C28-90A7ADDD4744}.Debug|Any CPU.ActiveCfg = Debug|Any CPU
		{DE17AC30-3F19-4605-9C28-90A7ADDD4744}.Debug|Any CPU.Build.0 = Debug|Any CPU
		{DE17AC30-3F19-4605-9C28-90A7ADDD4744}.Release|Any CPU.ActiveCfg = Release|Any CPU
		{DE17AC30-3F19-4605-9C28-90A7ADDD4744}.Release|Any CPU.Build.0 = Release|Any CPU
	EndGlobalSection
	GlobalSection(SolutionProperties) = preSolution
		HideSolutionNode = FALSE
	EndGlobalSection
	GlobalSection(ExtensibilityGlobals) = postSolution
		SolutionGuid = {D3F2D223-F683-466B-9009-76C070968C6F}
	EndGlobalSection
EndGlobal
