
Microsoft Visual Studio Solution File, Format Version 12.00
# Visual Studio Version 17
VisualStudioVersion = 17.0.31903.59
MinimumVisualStudioVersion = 10.0.40219.1
Project("{FAE04EC0-301F-11D3-BF4B-00C04F79EFBC}") = "AnimalTask3", "AnimalTask3.csproj", "{9BCF8128-4EE3-4455-93B9-48FCEB22E2B8}"
EndProject
Global
	GlobalSection(SolutionConfigurationPlatforms) = preSolution
		Debug|Any CPU = Debug|Any CPU
		Release|Any CPU = Release|Any CPU
	EndGlobalSection
	GlobalSection(ProjectConfigurationPlatforms) = postSolution
		{9BCF8128-4EE3-4455-93B9-48FCEB22E2B8}.Debug|Any CPU.ActiveCfg = Debug|Any CPU
		{9BCF8128-4EE3-4455-93B9-48FCEB22E2B8}.Debug|Any CPU.Build.0 = Debug|Any CPU
		{9BCF8128-4EE3-4455-93B9-48FCEB22E2B8}.Release|Any CPU.ActiveCfg = Release|Any CPU
		{9BCF8128-4EE3-4455-93B9-48FCEB22E2B8}.Release|Any CPU.Build.0 = Release|Any CPU
	EndGlobalSection
	GlobalSection(SolutionProperties) = preSolution
		HideSolutionNode = FALSE
	EndGlobalSection
	GlobalSection(ExtensibilityGlobals) = postSolution
		SolutionGuid = {9D2055E7-79F1-4FC0-9A38-E12DFEF9AA6F}
	EndGlobalSection
EndGlobal
